{
  "name": "udemi_cource_nepomnjaschii_michail",
  "version": "1.0.0",
  "lockfileVersion": 3,
  "requires": true,
  "packages": {
    "": {
      "name": "udemi_cource_nepomnjaschii_michail",
      "version": "1.0.0",
      "license": "ISC",
      "devDependencies": {
        "@tsconfig/node12": "^12.1.4",
        "typescript": "^5.7.3"
      }
    },
    "node_modules/@tsconfig/node12": {
      "version": "12.1.4",
      "resolved": "https://registry.npmjs.org/@tsconfig/node12/-/node12-12.1.4.tgz",
      "integrity": "sha512-0KoYJG4IOL99qNFpQEyLJ8ZKQ+xBVBrgpN63Hepk2WHqt9wBggSRQltrzVxk4e1ZTnEFCs+8CGefr2hevDg9vg==",
      "dev": true,
      "license": "MIT"
    },
    "node_modules/typescript": {
      "version": "5.7.3",
      "resolved": "https://registry.npmjs.org/typescript/-/typescript-5.7.3.tgz",
      "integrity": "sha512-84MVSjMEHP+FQRPy3pX9sTVV/INIex71s9TL2Gm5FG/WG1SqXeKyZ0k7/blY/4FdOzI12CBy1vGc4og/eus0fw==",
      "dev": true,
      "license": "Apache-2.0",
      "bin": {
        "tsc": "bin/tsc",
        "tsserver": "bin/tsserver"
      },
      "engines": {
        "node": ">=14.17"
      }
    }
  }
}
